
Microsoft Visual Studio Solution File, Format Version 12.00
# Visual Studio Version 17
VisualStudioVersion = 17.4.33213.308
MinimumVisualStudioVersion = 10.0.40219.1
Project("{8BC9CEB8-8B4A-11D0-8D11-00A0C91BC942}") = "Test", "Task01\Task01.vcxproj", "{FB187377-87BD-4C88-A99E-DB46FE6379EC}"
EndProject
Project("{8BC9CEB8-8B4A-11D0-8D11-00A0C91BC942}") = "Task1", "Task1\Task1.vcxproj", "{0599C912-A915-472D-9458-EA34A0BFD0E0}"
EndProject
Global
	GlobalSection(SolutionConfigurationPlatforms) = preSolution
		Debug|x64 = Debug|x64
		Debug|x86 = Debug|x86
		Release|x64 = Release|x64
		Release|x86 = Release|x86
	EndGlobalSection
	GlobalSection(ProjectConfigurationPlatforms) = postSolution
		{FB187377-87BD-4C88-A99E-DB46FE6379EC}.Debug|x64.ActiveCfg = Debug|x64
		{FB187377-87BD-4C88-A99E-DB46FE6379EC}.Debug|x64.Build.0 = Debug|x64
		{FB187377-87BD-4C88-A99E-DB46FE6379EC}.Debug|x86.ActiveCfg = Debug|Win32
		{FB187377-87BD-4C88-A99E-DB46FE6379EC}.Debug|x86.Build.0 = Debug|Win32
		{FB187377-87BD-4C88-A99E-DB46FE6379EC}.Release|x64.ActiveCfg = Release|x64
		{FB187377-87BD-4C88-A99E-DB46FE6379EC}.Release|x64.Build.0 = Release|x64
		{FB187377-87BD-4C88-A99E-DB46FE6379EC}.Release|x86.ActiveCfg = Release|Win32
		{FB187377-87BD-4C88-A99E-DB46FE6379EC}.Release|x86.Build.0 = Release|Win32
		{0599C912-A915-472D-9458-EA34A0BFD0E0}.Debug|x64.ActiveCfg = Debug|x64
		{0599C912-A915-472D-9458-EA34A0BFD0E0}.Debug|x64.Build.0 = Debug|x64
		{0599C912-A915-472D-9458-EA34A0BFD0E0}.Debug|x86.ActiveCfg = Debug|Win32
		{0599C912-A915-472D-9458-EA34A0BFD0E0}.Debug|x86.Build.0 = Debug|Win32
		{0599C912-A915-472D-9458-EA34A0BFD0E0}.Release|x64.ActiveCfg = Release|x64
		{0599C912-A915-472D-9458-EA34A0BFD0E0}.Release|x64.Build.0 = Release|x64
		{0599C912-A915-472D-9458-EA34A0BFD0E0}.Release|x86.ActiveCfg = Release|Win32
		{0599C912-A915-472D-9458-EA34A0BFD0E0}.Release|x86.Build.0 = Release|Win32
	EndGlobalSection
	GlobalSection(SolutionProperties) = preSolution
		HideSolutionNode = FALSE
	EndGlobalSection
	GlobalSection(ExtensibilityGlobals) = postSolution
		SolutionGuid = {B82E3191-7277-4E33-8261-1E6D62F7A9C6}
	EndGlobalSection
EndGlobal
